
Microsoft Visual Studio Solution File, Format Version 12.00
# Visual Studio Version 17
VisualStudioVersion = 17.10.35122.118
MinimumVisualStudioVersion = 10.0.40219.1
Project("{FAE04EC0-301F-11D3-BF4B-00C04F79EFBC}") = "DashBoard_EmulEP", "DashBoard_EmulEP.csproj", "{189E9D7B-2B3A-4DA7-918D-F97687D08160}"
EndProject
Global
	GlobalSection(SolutionConfigurationPlatforms) = preSolution
		Debug|Any CPU = Debug|Any CPU
		Debug|x64 = Debug|x64
		Debug|x86 = Debug|x86
		Release x86|Any CPU = Release x86|Any CPU
		Release x86|x64 = Release x86|x64
		Release x86|x86 = Release x86|x86
		Release|Any CPU = Release|Any CPU
		Release|x64 = Release|x64
		Release|x86 = Release|x86
	EndGlobalSection
	GlobalSection(ProjectConfigurationPlatforms) = postSolution
		{189E9D7B-2B3A-4DA7-918D-F97687D08160}.Debug|Any CPU.ActiveCfg = Debug|Any CPU
		{189E9D7B-2B3A-4DA7-918D-F97687D08160}.Debug|Any CPU.Build.0 = Debug|Any CPU
		{189E9D7B-2B3A-4DA7-918D-F97687D08160}.Debug|x64.ActiveCfg = Debug|x64
		{189E9D7B-2B3A-4DA7-918D-F97687D08160}.Debug|x64.Build.0 = Debug|x64
		{189E9D7B-2B3A-4DA7-918D-F97687D08160}.Debug|x86.ActiveCfg = Debug|Any CPU
		{189E9D7B-2B3A-4DA7-918D-F97687D08160}.Debug|x86.Build.0 = Debug|Any CPU
		{189E9D7B-2B3A-4DA7-918D-F97687D08160}.Release x86|Any CPU.ActiveCfg = Release|Any CPU
		{189E9D7B-2B3A-4DA7-918D-F97687D08160}.Release x86|Any CPU.Build.0 = Release|Any CPU
		{189E9D7B-2B3A-4DA7-918D-F97687D08160}.Release x86|x64.ActiveCfg = Release|x64
		{189E9D7B-2B3A-4DA7-918D-F97687D08160}.Release x86|x64.Build.0 = Release|x64
		{189E9D7B-2B3A-4DA7-918D-F97687D08160}.Release x86|x86.ActiveCfg = Release|Any CPU
		{189E9D7B-2B3A-4DA7-918D-F97687D08160}.Release x86|x86.Build.0 = Release|Any CPU
		{189E9D7B-2B3A-4DA7-918D-F97687D08160}.Release|Any CPU.ActiveCfg = Release|Any CPU
		{189E9D7B-2B3A-4DA7-918D-F97687D08160}.Release|Any CPU.Build.0 = Release|Any CPU
		{189E9D7B-2B3A-4DA7-918D-F97687D08160}.Release|x64.ActiveCfg = Release|x64
		{189E9D7B-2B3A-4DA7-918D-F97687D08160}.Release|x64.Build.0 = Release|x64
		{189E9D7B-2B3A-4DA7-918D-F97687D08160}.Release|x86.ActiveCfg = Release|Any CPU
		{189E9D7B-2B3A-4DA7-918D-F97687D08160}.Release|x86.Build.0 = Release|Any CPU
	EndGlobalSection
	GlobalSection(SolutionProperties) = preSolution
		HideSolutionNode = FALSE
	EndGlobalSection
	GlobalSection(ExtensibilityGlobals) = postSolution
		SolutionGuid = {264C767B-5826-4AFE-BD65-9A3D3C4F3A34}
	EndGlobalSection
EndGlobal
